Microsoft Visual Studio Solution File, Format Version 12.00
# Visual Studio Version 16
VisualStudioVersion = 16.0.0.0
MinimumVisualStudioVersion = 16.0.0.0
Project("{9A19103F-16F7-4668-BE54-9A1E7A4F7556}") = "PeopleDB.Server", "Server\PeopleDB.Server.csproj", "{14788127-0A96-4FD9-BA05-069F0A126A22}"
EndProject
Project("{9A19103F-16F7-4668-BE54-9A1E7A4F7556}") = "PeopleDB.Client", "Client\PeopleDB.Client.csproj", "{36E01707-EDFA-4F59-9DE5-8E260023AB4B}"
EndProject
Project("{9A19103F-16F7-4668-BE54-9A1E7A4F7556}") = "PeopleDB.Shared", "Shared\PeopleDB.Shared.csproj", "{A426F63E-CE16-4D04-B898-078A28195FDC}"
EndProject
Global
	GlobalSection(SolutionConfigurationPlatforms) = preSolution
		Debug|Any CPU = Debug|Any CPU
		Debug|x64 = Debug|x64
		Debug|x86 = Debug|x86
		Release|Any CPU = Release|Any CPU
		Release|x64 = Release|x64
		Release|x86 = Release|x86
	EndGlobalSection
	GlobalSection(ProjectConfigurationPlatforms) = postSolution
		{36E01707-EDFA-4F59-9DE5-8E260023AB4B}.Debug|Any CPU.ActiveCfg = Debug|Any CPU
		{36E01707-EDFA-4F59-9DE5-8E260023AB4B}.Debug|Any CPU.Build.0 = Debug|Any CPU
		{36E01707-EDFA-4F59-9DE5-8E260023AB4B}.Debug|x64.ActiveCfg = Debug|Any CPU
		{36E01707-EDFA-4F59-9DE5-8E260023AB4B}.Debug|x64.Build.0 = Debug|Any CPU
		{36E01707-EDFA-4F59-9DE5-8E260023AB4B}.Debug|x86.ActiveCfg = Debug|Any CPU
		{36E01707-EDFA-4F59-9DE5-8E260023AB4B}.Debug|x86.Build.0 = Debug|Any CPU
		{36E01707-EDFA-4F59-9DE5-8E260023AB4B}.Release|Any CPU.ActiveCfg = Release|Any CPU
		{36E01707-EDFA-4F59-9DE5-8E260023AB4B}.Release|Any CPU.Build.0 = Release|Any CPU
		{36E01707-EDFA-4F59-9DE5-8E260023AB4B}.Release|x64.ActiveCfg = Release|Any CPU
		{36E01707-EDFA-4F59-9DE5-8E260023AB4B}.Release|x64.Build.0 = Release|Any CPU
		{36E01707-EDFA-4F59-9DE5-8E260023AB4B}.Release|x86.ActiveCfg = Release|Any CPU
		{36E01707-EDFA-4F59-9DE5-8E260023AB4B}.Release|x86.Build.0 = Release|Any CPU
		{14788127-0A96-4FD9-BA05-069F0A126A22}.Debug|Any CPU.ActiveCfg = Debug|Any CPU
		{14788127-0A96-4FD9-BA05-069F0A126A22}.Debug|Any CPU.Build.0 = Debug|Any CPU
		{14788127-0A96-4FD9-BA05-069F0A126A22}.Debug|x64.ActiveCfg = Debug|Any CPU
		{14788127-0A96-4FD9-BA05-069F0A126A22}.Debug|x64.Build.0 = Debug|Any CPU
		{14788127-0A96-4FD9-BA05-069F0A126A22}.Debug|x86.ActiveCfg = Debug|Any CPU
		{14788127-0A96-4FD9-BA05-069F0A126A22}.Debug|x86.Build.0 = Debug|Any CPU
		{14788127-0A96-4FD9-BA05-069F0A126A22}.Release|Any CPU.ActiveCfg = Release|Any CPU
		{14788127-0A96-4FD9-BA05-069F0A126A22}.Release|Any CPU.Build.0 = Release|Any CPU
		{14788127-0A96-4FD9-BA05-069F0A126A22}.Release|x64.ActiveCfg = Release|Any CPU
		{14788127-0A96-4FD9-BA05-069F0A126A22}.Release|x64.Build.0 = Release|Any CPU
		{14788127-0A96-4FD9-BA05-069F0A126A22}.Release|x86.ActiveCfg = Release|Any CPU
		{14788127-0A96-4FD9-BA05-069F0A126A22}.Release|x86.Build.0 = Release|Any CPU
		{A426F63E-CE16-4D04-B898-078A28195FDC}.Debug|Any CPU.ActiveCfg = Debug|Any CPU
		{A426F63E-CE16-4D04-B898-078A28195FDC}.Debug|Any CPU.Build.0 = Debug|Any CPU
		{A426F63E-CE16-4D04-B898-078A28195FDC}.Debug|x64.ActiveCfg = Debug|Any CPU
		{A426F63E-CE16-4D04-B898-078A28195FDC}.Debug|x64.Build.0 = Debug|Any CPU
		{A426F63E-CE16-4D04-B898-078A28195FDC}.Debug|x86.ActiveCfg = Debug|Any CPU
		{A426F63E-CE16-4D04-B898-078A28195FDC}.Debug|x86.Build.0 = Debug|Any CPU
		{A426F63E-CE16-4D04-B898-078A28195FDC}.Release|Any CPU.ActiveCfg = Release|Any CPU
		{A426F63E-CE16-4D04-B898-078A28195FDC}.Release|Any CPU.Build.0 = Release|Any CPU
		{A426F63E-CE16-4D04-B898-078A28195FDC}.Release|x64.ActiveCfg = Release|Any CPU
		{A426F63E-CE16-4D04-B898-078A28195FDC}.Release|x64.Build.0 = Release|Any CPU
		{A426F63E-CE16-4D04-B898-078A28195FDC}.Release|x86.ActiveCfg = Release|Any CPU
		{A426F63E-CE16-4D04-B898-078A28195FDC}.Release|x86.Build.0 = Release|Any CPU
	EndGlobalSection
	GlobalSection(SolutionProperties) = preSolution
		HideSolutionNode = FALSE
	EndGlobalSection
	GlobalSection(ExtensibilityGlobals) = postSolution
		SolutionGuid = {DBE4DC1F-BDCB-434C-9951-23C7318A4F8E}
	EndGlobalSection
	GlobalSection(MonoDevelopProperties) = preSolution
		Policies = $0
		$0.DotNetNamingPolicy = $1
		$1.DirectoryNamespaceAssociation = PrefixedHierarchical
		$0.StandardHeader = $2
		$0.VersionControlPolicy = $3
	EndGlobalSection
EndGlobal
